
Microsoft Visual Studio Solution File, Format Version 12.00
# Visual Studio Version 16
VisualStudioVersion = 16.0.29519.181
MinimumVisualStudioVersion = 10.0.40219.1
Project("{9A19103F-16F7-4668-BE54-9A1E7A4F7556}") = "MiniUow", "MiniUow\MiniUow.csproj", "{1CF7C754-858B-42F5-8ACE-50D4260CE801}"
EndProject
Project("{2150E333-8FDC-42A3-9474-1A3956D46DE8}") = "CommonUtils", "CommonUtils", "{7F39B2AF-5487-41FB-86BB-808CD362AEC2}"
EndProject
Project("{9A19103F-16F7-4668-BE54-9A1E7A4F7556}") = "CommonUtil", "CommonUtils\CommonUtil\CommonUtil.csproj", "{46DCA0D1-3947-4AEF-A153-197EB505278B}"
EndProject
Global
	GlobalSection(SolutionConfigurationPlatforms) = preSolution
		Debug|Any CPU = Debug|Any CPU
		Release|Any CPU = Release|Any CPU
	EndGlobalSection
	GlobalSection(ProjectConfigurationPlatforms) = postSolution
		{1CF7C754-858B-42F5-8ACE-50D4260CE801}.Debug|Any CPU.ActiveCfg = Debug|Any CPU
		{1CF7C754-858B-42F5-8ACE-50D4260CE801}.Debug|Any CPU.Build.0 = Debug|Any CPU
		{1CF7C754-858B-42F5-8ACE-50D4260CE801}.Release|Any CPU.ActiveCfg = Release|Any CPU
		{1CF7C754-858B-42F5-8ACE-50D4260CE801}.Release|Any CPU.Build.0 = Release|Any CPU
		{46DCA0D1-3947-4AEF-A153-197EB505278B}.Debug|Any CPU.ActiveCfg = Debug|Any CPU
		{46DCA0D1-3947-4AEF-A153-197EB505278B}.Debug|Any CPU.Build.0 = Debug|Any CPU
		{46DCA0D1-3947-4AEF-A153-197EB505278B}.Release|Any CPU.ActiveCfg = Release|Any CPU
		{46DCA0D1-3947-4AEF-A153-197EB505278B}.Release|Any CPU.Build.0 = Release|Any CPU
	EndGlobalSection
	GlobalSection(SolutionProperties) = preSolution
		HideSolutionNode = FALSE
	EndGlobalSection
	GlobalSection(NestedProjects) = preSolution
		{46DCA0D1-3947-4AEF-A153-197EB505278B} = {7F39B2AF-5487-41FB-86BB-808CD362AEC2}
	EndGlobalSection
	GlobalSection(ExtensibilityGlobals) = postSolution
		SolutionGuid = {23436468-0FE3-4A06-BF78-3A4A2CFB6552}
	EndGlobalSection
EndGlobal
